
Microsoft Visual Studio Solution File, Format Version 12.00
# Visual Studio Version 17
VisualStudioVersion = 17.1.32328.378
MinimumVisualStudioVersion = 10.0.40219.1
Project("{FAE04EC0-301F-11D3-BF4B-00C04F79EFBC}") = "Employee Manager", "Employee Manager\Employee Manager.csproj", "{F1CFFA34-A99A-43F4-96B2-071E120FD637}"
EndProject
Global
	GlobalSection(SolutionConfigurationPlatforms) = preSolution
		Debug|Any CPU = Debug|Any CPU
		Release|Any CPU = Release|Any CPU
	EndGlobalSection
	GlobalSection(ProjectConfigurationPlatforms) = postSolution
		{F1CFFA34-A99A-43F4-96B2-071E120FD637}.Debug|Any CPU.ActiveCfg = Debug|Any CPU
		{F1CFFA34-A99A-43F4-96B2-071E120FD637}.Debug|Any CPU.Build.0 = Debug|Any CPU
		{F1CFFA34-A99A-43F4-96B2-071E120FD637}.Release|Any CPU.ActiveCfg = Release|Any CPU
		{F1CFFA34-A99A-43F4-96B2-071E120FD637}.Release|Any CPU.Build.0 = Release|Any CPU
	EndGlobalSection
	GlobalSection(SolutionProperties) = preSolution
		HideSolutionNode = FALSE
	EndGlobalSection
	GlobalSection(ExtensibilityGlobals) = postSolution
		SolutionGuid = {D5636090-C232-4122-8A2E-C07E1C2539F8}
	EndGlobalSection
EndGlobal
